
Microsoft Visual Studio Solution File, Format Version 12.00
# Visual Studio Version 17
VisualStudioVersion = 17.9.34622.214
MinimumVisualStudioVersion = 10.0.40219.1
Project("{9A19103F-16F7-4668-BE54-9A1E7A4F7556}") = "PlaywrightTests", "PlaywrightTests.csproj", "{3148FDA9-3487-4DB9-98F3-8C14AAC9EF32}"
EndProject
Global
	GlobalSection(SolutionConfigurationPlatforms) = preSolution
		Debug|Any CPU = Debug|Any CPU
		Release|Any CPU = Release|Any CPU
	EndGlobalSection
	GlobalSection(ProjectConfigurationPlatforms) = postSolution
		{3148FDA9-3487-4DB9-98F3-8C14AAC9EF32}.Debug|Any CPU.ActiveCfg = Debug|Any CPU
		{3148FDA9-3487-4DB9-98F3-8C14AAC9EF32}.Debug|Any CPU.Build.0 = Debug|Any CPU
		{3148FDA9-3487-4DB9-98F3-8C14AAC9EF32}.Release|Any CPU.ActiveCfg = Release|Any CPU
		{3148FDA9-3487-4DB9-98F3-8C14AAC9EF32}.Release|Any CPU.Build.0 = Release|Any CPU
	EndGlobalSection
	GlobalSection(SolutionProperties) = preSolution
		HideSolutionNode = FALSE
	EndGlobalSection
	GlobalSection(ExtensibilityGlobals) = postSolution
		SolutionGuid = {3A4287AF-9FBF-4718-95A4-3115BF38276F}
	EndGlobalSection
EndGlobal
